<?xml version="1.0" encoding="UTF-8" standalone="yes" ?>
<CodeBlocks_project_file>
	<FileVersion major="1" minor="6" />
	<Project>
		<Option title="GameAI" />
		<Option pch_mode="2" />
		<Option compiler="gcc" />
		<Option show_notes="0">
			<notes>
				<![CDATA[TODO: Genericize the Checkxxxx functions into Game.cpp or GridGame.cpp

TODO: Comments]]>
			</notes>
		</Option>
		<Build>
			<Target title="Debug">
				<Option output="bin/Debug/GameAI" prefix_auto="1" extension_auto="1" />
				<Option object_output="obj/Debug/" />
				<Option type="1" />
				<Option compiler="gcc" />
				<Option parameters="-1 minimax -2 minimax --plies1=9 -g ttt" />
				<Compiler>
					<Add option="-std=c++11" />
					<Add option="-Wextra" />
					<Add option="-Wall" />
					<Add option="-g" />
					<Add directory="include" />
				</Compiler>
			</Target>
			<Target title="Release">
				<Option output="bin/Release/GameAI" prefix_auto="1" extension_auto="1" />
				<Option object_output="obj/Release/" />
				<Option type="1" />
				<Option compiler="gcc" />
				<Compiler>
					<Add option="-O2" />
					<Add option="-std=c++11" />
					<Add option="-Wextra" />
					<Add option="-Wall" />
					<Add directory="include" />
				</Compiler>
				<Linker>
					<Add option="-s" />
				</Linker>
			</Target>
		</Build>
		<Compiler>
			<Add option="-Wall" />
			<Add option="-fexceptions" />
		</Compiler>
		<Unit filename="include/ConnectFour.h" />
		<Unit filename="include/Game.h" />
		<Unit filename="include/GameAIException.h" />
		<Unit filename="include/GameAIVersion.h" />
		<Unit filename="include/GameMove.h" />
		<Unit filename="include/Human.h" />
		<Unit filename="include/LinearGame.h" />
		<Unit filename="include/Minimax.h" />
		<Unit filename="include/Player.h" />
		<Unit filename="include/TTT.h" />
		<Unit filename="main.cpp" />
		<Unit filename="src/ConnectFour.cpp" />
		<Unit filename="src/Game.cpp" />
		<Unit filename="src/GameMove.cpp" />
		<Unit filename="src/Human.cpp" />
		<Unit filename="src/LinearGame.cpp" />
		<Unit filename="src/Minimax.cpp" />
		<Unit filename="src/Player.cpp" />
		<Unit filename="src/TTT.cpp" />
		<Extensions>
			<code_completion />
			<debugger />
		</Extensions>
	</Project>
</CodeBlocks_project_file>
